
Microsoft Visual Studio Solution File, Format Version 12.00
# Visual Studio 15
VisualStudioVersion = 15.0.26730.16
MinimumVisualStudioVersion = 10.0.40219.1
Project("{FAE04EC0-301F-11D3-BF4B-00C04F79EFBC}") = "HospitalManagement", "HospitalManagement\HospitalManagement.csproj", "{1013432C-B9A1-4A85-8BC0-12B36E37F3BA}"
EndProject
Project("{FAE04EC0-301F-11D3-BF4B-00C04F79EFBC}") = "UnitTestsHospitalManagement", "UnitTestsHospital\UnitTestsHospitalManagement.csproj", "{70D6A640-AAC8-424B-929C-20B7F9F0D7B4}"
EndProject
Global
	GlobalSection(SolutionConfigurationPlatforms) = preSolution
		Debug|Any CPU = Debug|Any CPU
		Release|Any CPU = Release|Any CPU
	EndGlobalSection
	GlobalSection(ProjectConfigurationPlatforms) = postSolution
		{1013432C-B9A1-4A85-8BC0-12B36E37F3BA}.Debug|Any CPU.ActiveCfg = Debug|Any CPU
		{1013432C-B9A1-4A85-8BC0-12B36E37F3BA}.Debug|Any CPU.Build.0 = Debug|Any CPU
		{1013432C-B9A1-4A85-8BC0-12B36E37F3BA}.Release|Any CPU.ActiveCfg = Release|Any CPU
		{1013432C-B9A1-4A85-8BC0-12B36E37F3BA}.Release|Any CPU.Build.0 = Release|Any CPU
		{70D6A640-AAC8-424B-929C-20B7F9F0D7B4}.Debug|Any CPU.ActiveCfg = Debug|Any CPU
		{70D6A640-AAC8-424B-929C-20B7F9F0D7B4}.Debug|Any CPU.Build.0 = Debug|Any CPU
		{70D6A640-AAC8-424B-929C-20B7F9F0D7B4}.Release|Any CPU.ActiveCfg = Release|Any CPU
		{70D6A640-AAC8-424B-929C-20B7F9F0D7B4}.Release|Any CPU.Build.0 = Release|Any CPU
	EndGlobalSection
	GlobalSection(SolutionProperties) = preSolution
		HideSolutionNode = FALSE
	EndGlobalSection
	GlobalSection(ExtensibilityGlobals) = postSolution
		SolutionGuid = {BC22B4E5-F8E7-4859-BDF8-B1A8CC283D65}
	EndGlobalSection
EndGlobal
